<?xml version="1.0" encoding="utf-8"?>
<Project ToolsVersion="4.0" xmlns="http://schemas.microsoft.com/developer/msbuild/2003">
  <ItemGroup>
    <Filter Include="Config">
      <UniqueIdentifier>{c2bf613b-c740-4395-822f-f625ec0b3987}</UniqueIdentifier>
    </Filter>
    <Filter Include="Main">
      <UniqueIdentifier>{0c3e5694-75e8-4093-8ff3-0277904efffa}</UniqueIdentifier>
    </Filter>
    <Filter Include="Game">
      <UniqueIdentifier>{456c5484-8724-49da-baa1-ca4a768d5b58}</UniqueIdentifier>
    </Filter>
    <Filter Include="Game\ActionButton">
      <UniqueIdentifier>{acf3a805-7af8-4ba7-88da-99646208d5d8}</UniqueIdentifier>
    </Filter>
    <Filter Include="Game\EarningsCalculator">
      <UniqueIdentifier>{f7c00cdf-1d9b-42e7-8616-3a89abaaf5f8}</UniqueIdentifier>
    </Filter>
    <Filter Include="Game\KmbNumber">
      <UniqueIdentifier>{5778b88d-b6b2-4dc2-b734-863cb79dcc9e}</UniqueIdentifier>
    </Filter>
    <Filter Include="Game\DisplayPanel">
      <UniqueIdentifier>{fad163ab-bca3-4af8-9cb5-3929ff14bbfc}</UniqueIdentifier>
    </Filter>
    <Filter Include="Game\UpgradeElement">
      <UniqueIdentifier>{a3174d2c-9ccd-41ed-b23c-a4d28bc6be85}</UniqueIdentifier>
    </Filter>
  </ItemGroup>
  <ItemGroup>
    <None Include="..\Run\Config\Resources.json">
      <Filter>Config</Filter>
    </None>
    <None Include="..\Run\Config\Config.json">
      <Filter>Config</Filter>
    </None>
  </ItemGroup>
  <ItemGroup>
    <ClInclude Include="..\Run\Config\Description.h">
      <Filter>Config</Filter>
    </ClInclude>
    <ClInclude Include="ActionButton.h">
      <Filter>Game\ActionButton</Filter>
    </ClInclude>
    <ClInclude Include="MainGame.h">
      <Filter>Game</Filter>
    </ClInclude>
    <ClInclude Include="EarningsCalculator.h">
      <Filter>Game\EarningsCalculator</Filter>
    </ClInclude>
    <ClInclude Include="KmbNumber.h">
      <Filter>Game\KmbNumber</Filter>
    </ClInclude>
    <ClInclude Include="DisplayPanel.h">
      <Filter>Game\DisplayPanel</Filter>
    </ClInclude>
    <ClInclude Include="UpgradeElement.h">
      <Filter>Game\UpgradeElement</Filter>
    </ClInclude>
  </ItemGroup>
  <ItemGroup>
    <ClCompile Include="..\IncrementalEngine\WinMain.cpp">
      <Filter>Main</Filter>
    </ClCompile>
    <ClCompile Include="ActionButton.cpp">
      <Filter>Game\ActionButton</Filter>
    </ClCompile>
    <ClCompile Include="MainGame.cpp">
      <Filter>Game</Filter>
    </ClCompile>
    <ClCompile Include="EarningsCalculator.cpp">
      <Filter>Game\EarningsCalculator</Filter>
    </ClCompile>
    <ClCompile Include="KmbNumber.cpp">
      <Filter>Game\KmbNumber</Filter>
    </ClCompile>
    <ClCompile Include="DisplayPanel.cpp">
      <Filter>Game\DisplayPanel</Filter>
    </ClCompile>
    <ClCompile Include="UpgradeElement.cpp">
      <Filter>Game\UpgradeElement</Filter>
    </ClCompile>
  </ItemGroup>
</Project>