<?xml version="1.0" encoding="utf-8"?>
<Project ToolsVersion="4.0" xmlns="http://schemas.microsoft.com/developer/msbuild/2003">
  <ItemGroup>
    <Filter Include="Config">
      <UniqueIdentifier>{c2bf613b-c740-4395-822f-f625ec0b3987}</UniqueIdentifier>
    </Filter>
    <Filter Include="Main">
      <UniqueIdentifier>{0c3e5694-75e8-4093-8ff3-0277904efffa}</UniqueIdentifier>
    </Filter>
    <Filter Include="Game">
      <UniqueIdentifier>{456c5484-8724-49da-baa1-ca4a768d5b58}</UniqueIdentifier>
    </Filter>
  </ItemGroup>
  <ItemGroup>
    <None Include="..\Run\Config\Resources.json">
      <Filter>Config</Filter>
    </None>
    <None Include="..\Run\Config\Config.json">
      <Filter>Config</Filter>
    </None>
  </ItemGroup>
  <ItemGroup>
    <ClInclude Include="..\Run\Config\Description.h">
      <Filter>Config</Filter>
    </ClInclude>
    <ClInclude Include="MyGame.h">
      <Filter>Game</Filter>
    </ClInclude>
  </ItemGroup>
  <ItemGroup>
    <ClCompile Include="..\IncrementalEngine\WinMain.cpp">
      <Filter>Main</Filter>
    </ClCompile>
    <ClCompile Include="MyGame.cpp">
      <Filter>Game</Filter>
    </ClCompile>
  </ItemGroup>
</Project>